
Microsoft Visual Studio Solution File, Format Version 12.00
# Visual Studio Version 16
VisualStudioVersion = 16.0.31729.503
MinimumVisualStudioVersion = 10.0.40219.1
Project("{8BC9CEB8-8B4A-11D0-8D11-00A0C91BC942}") = "SpaceInvaders(1)", "SpaceInvaders(1)\SpaceInvaders(1).vcxproj", "{75F45AEB-898A-4A67-894D-E17C2D93A6CE}"
EndProject
Global
	GlobalSection(SolutionConfigurationPlatforms) = preSolution
		Debug|x64 = Debug|x64
		Debug|x86 = Debug|x86
		Release|x64 = Release|x64
		Release|x86 = Release|x86
	EndGlobalSection
	GlobalSection(ProjectConfigurationPlatforms) = postSolution
		{75F45AEB-898A-4A67-894D-E17C2D93A6CE}.Debug|x64.ActiveCfg = Debug|x64
		{75F45AEB-898A-4A67-894D-E17C2D93A6CE}.Debug|x64.Build.0 = Debug|x64
		{75F45AEB-898A-4A67-894D-E17C2D93A6CE}.Debug|x86.ActiveCfg = Debug|Win32
		{75F45AEB-898A-4A67-894D-E17C2D93A6CE}.Debug|x86.Build.0 = Debug|Win32
		{75F45AEB-898A-4A67-894D-E17C2D93A6CE}.Release|x64.ActiveCfg = Release|x64
		{75F45AEB-898A-4A67-894D-E17C2D93A6CE}.Release|x64.Build.0 = Release|x64
		{75F45AEB-898A-4A67-894D-E17C2D93A6CE}.Release|x86.ActiveCfg = Release|Win32
		{75F45AEB-898A-4A67-894D-E17C2D93A6CE}.Release|x86.Build.0 = Release|Win32
	EndGlobalSection
	GlobalSection(SolutionProperties) = preSolution
		HideSolutionNode = FALSE
	EndGlobalSection
	GlobalSection(ExtensibilityGlobals) = postSolution
		SolutionGuid = {A9970EDC-0534-4EFD-A821-2BF0F8982949}
	EndGlobalSection
EndGlobal
